
Microsoft Visual Studio Solution File, Format Version 12.00
# Visual Studio Version 16
VisualStudioVersion = 16.0.29519.181
MinimumVisualStudioVersion = 10.0.40219.1
Project("{9A19103F-16F7-4668-BE54-9A1E7A4F7556}") = "ohlateamnine", "ohlateamnine.csproj", "{0D3A60CF-4EE1-43B1-9AD0-51AD1961F0BA}"
EndProject
Global
	GlobalSection(SolutionConfigurationPlatforms) = preSolution
		Debug|Any CPU = Debug|Any CPU
		Release|Any CPU = Release|Any CPU
	EndGlobalSection
	GlobalSection(ProjectConfigurationPlatforms) = postSolution
		{0D3A60CF-4EE1-43B1-9AD0-51AD1961F0BA}.Debug|Any CPU.ActiveCfg = Debug|Any CPU
		{0D3A60CF-4EE1-43B1-9AD0-51AD1961F0BA}.Debug|Any CPU.Build.0 = Debug|Any CPU
		{0D3A60CF-4EE1-43B1-9AD0-51AD1961F0BA}.Release|Any CPU.ActiveCfg = Release|Any CPU
		{0D3A60CF-4EE1-43B1-9AD0-51AD1961F0BA}.Release|Any CPU.Build.0 = Release|Any CPU
	EndGlobalSection
	GlobalSection(SolutionProperties) = preSolution
		HideSolutionNode = FALSE
	EndGlobalSection
	GlobalSection(ExtensibilityGlobals) = postSolution
		SolutionGuid = {7DE52AF6-3A5E-4EBF-B774-CBAAB3EDC5FE}
	EndGlobalSection
EndGlobal
